{
  "name": "ocp-hackathon",
  "lockfileVersion": 3,
  "requires": true,
  "packages": {
    "": {
      "dependencies": {
        "@patternfly/react-table": "^6.1.0",
        "@reduxjs/toolkit": "^2.5.1",
        "ag-grid-community": "^33.0.4",
        "ag-grid-react": "^33.0.4",
        "date-fns": "^4.1.0",
        "path-browserify": "^1.0.1",
        "react-dropzone": "^14.3.5",
        "react-icons": "^5.4.0"
      }
    },
    "node_modules/@patternfly/react-core": {
      "version": "6.1.0",
      "resolved": "https://registry.npmjs.org/@patternfly/react-core/-/react-core-6.1.0.tgz",
      "integrity": "sha512-zj0lJPZxQanXKD8ae2kYnweT0kpp1CzpHYAkaBjTrw2k6ZMfr/UPlp0/ugCjWEokBqh79RUADLkKJJPce/yoSQ==",
      "license": "MIT",
      "dependencies": {
        "@patternfly/react-icons": "^6.1.0",
        "@patternfly/react-styles": "^6.1.0",
        "@patternfly/react-tokens": "^6.1.0",
        "focus-trap": "7.6.2",
        "react-dropzone": "^14.3.5",
        "tslib": "^2.8.1"
      },
      "peerDependencies": {
        "react": "^17 || ^18",
        "react-dom": "^17 || ^18"
      }
    },
    "node_modules/@patternfly/react-icons": {
      "version": "6.1.0",
      "resolved": "https://registry.npmjs.org/@patternfly/react-icons/-/react-icons-6.1.0.tgz",
      "integrity": "sha512-V1w/j19YmOgvh72IRRf1p07k+u4M5+9P+o/IxunlF0fWzLDX4Hf+utBI11A8cRfUzpQN7eLw/vZIS3BLM8Ge3Q==",
      "license": "MIT",
      "peerDependencies": {
        "react": "^17 || ^18",
        "react-dom": "^17 || ^18"
      }
    },
    "node_modules/@patternfly/react-styles": {
      "version": "6.1.0",
      "resolved": "https://registry.npmjs.org/@patternfly/react-styles/-/react-styles-6.1.0.tgz",
      "integrity": "sha512-JQ3zIl5SFiSB0YWVYibcUwgZdsp6Wn8hkfZ7KhtCjHFccSDdJexPOXVV1O9f2h4PfxTlY3YntZ81ZsguBx/Q7A==",
      "license": "MIT"
    },
    "node_modules/@patternfly/react-table": {
      "version": "6.1.0",
      "resolved": "https://registry.npmjs.org/@patternfly/react-table/-/react-table-6.1.0.tgz",
      "integrity": "sha512-eC8mKkvFR0btfv6yEOvE+J4gBXU8ZGe9i2RSezBM+MJaXEQt/CKRjV+SAB5EeE3PyBYKG8yYDdsOoNmaPxxvSA==",
      "license": "MIT",
      "dependencies": {
        "@patternfly/react-core": "^6.1.0",
        "@patternfly/react-icons": "^6.1.0",
        "@patternfly/react-styles": "^6.1.0",
        "@patternfly/react-tokens": "^6.1.0",
        "lodash": "^4.17.21",
        "tslib": "^2.8.1"
      },
      "peerDependencies": {
        "react": "^17 || ^18",
        "react-dom": "^17 || ^18"
      }
    },
    "node_modules/@patternfly/react-tokens": {
      "version": "6.1.0",
      "resolved": "https://registry.npmjs.org/@patternfly/react-tokens/-/react-tokens-6.1.0.tgz",
      "integrity": "sha512-t1UcHbOa4txczTR5UlnG4XcAAdnDSfSlCaOddw/HTqRF59pn2ks2JUu9sfnFRZ8SiAAxKRiYdX5bT7Mf4R24+w==",
      "license": "MIT"
    },
    "node_modules/@reduxjs/toolkit": {
      "version": "2.5.1",
      "resolved": "https://registry.npmjs.org/@reduxjs/toolkit/-/toolkit-2.5.1.tgz",
      "integrity": "sha512-UHhy3p0oUpdhnSxyDjaRDYaw8Xra75UiLbCiRozVPHjfDwNYkh0TsVm/1OmTW8Md+iDAJmYPWUKMvsMc2GtpNg==",
      "license": "MIT",
      "dependencies": {
        "immer": "^10.0.3",
        "redux": "^5.0.1",
        "redux-thunk": "^3.1.0",
        "reselect": "^5.1.0"
      },
      "peerDependencies": {
        "react": "^16.9.0 || ^17.0.0 || ^18 || ^19",
        "react-redux": "^7.2.1 || ^8.1.3 || ^9.0.0"
      },
      "peerDependenciesMeta": {
        "react": {
          "optional": true
        },
        "react-redux": {
          "optional": true
        }
      }
    },
    "node_modules/ag-charts-types": {
      "version": "11.0.4",
      "resolved": "https://registry.npmjs.org/ag-charts-types/-/ag-charts-types-11.0.4.tgz",
      "integrity": "sha512-K/Mi7FXvSCoABLSrqQ70k1QrIL5R6RNCt2NAppOxMEir+DVFPqKZtghruobc2MGVUUKkT9MCn6Dun+fL6yZjfA==",
      "license": "MIT"
    },
    "node_modules/ag-grid-community": {
      "version": "33.0.4",
      "resolved": "https://registry.npmjs.org/ag-grid-community/-/ag-grid-community-33.0.4.tgz",
      "integrity": "sha512-iBD8g8bNIl95w9CzCQpDid+eTdmOoT39204sPUOhE9eE50vfoDHIaF5U4fRYQHbLsT4bwbXfQYdsqBAOLJL24w==",
      "license": "MIT",
      "dependencies": {
        "ag-charts-types": "11.0.4"
      }
    },
    "node_modules/ag-grid-react": {
      "version": "33.0.4",
      "resolved": "https://registry.npmjs.org/ag-grid-react/-/ag-grid-react-33.0.4.tgz",
      "integrity": "sha512-0Y54BmY03athtqfpO5kTR/gjyP6Qw4LP+EQD2duBZ3yj4SWWlwE1Ob7Lc7OuZRHxl2dxLQy2edagJHrqnmopKw==",
      "license": "MIT",
      "dependencies": {
        "ag-grid-community": "33.0.4",
        "prop-types": "^15.8.1"
      },
      "peerDependencies": {
        "react": "^16.8.0 || ^17.0.0 || ^18.0.0 || ^19.0.0",
        "react-dom": "^16.8.0 || ^17.0.0 || ^18.0.0 || ^19.0.0"
      }
    },
    "node_modules/attr-accept": {
      "version": "2.2.5",
      "resolved": "https://registry.npmjs.org/attr-accept/-/attr-accept-2.2.5.tgz",
      "integrity": "sha512-0bDNnY/u6pPwHDMoF0FieU354oBi0a8rD9FcsLwzcGWbc8KS8KPIi7y+s13OlVY+gMWc/9xEMUgNE6Qm8ZllYQ==",
      "license": "MIT",
      "engines": {
        "node": ">=4"
      }
    },
    "node_modules/date-fns": {
      "version": "4.1.0",
      "resolved": "https://registry.npmjs.org/date-fns/-/date-fns-4.1.0.tgz",
      "integrity": "sha512-Ukq0owbQXxa/U3EGtsdVBkR1w7KOQ5gIBqdH2hkvknzZPYvBxb/aa6E8L7tmjFtkwZBu3UXBbjIgPo/Ez4xaNg==",
      "license": "MIT",
      "funding": {
        "type": "github",
        "url": "https://github.com/sponsors/kossnocorp"
      }
    },
    "node_modules/file-selector": {
      "version": "2.1.2",
      "resolved": "https://registry.npmjs.org/file-selector/-/file-selector-2.1.2.tgz",
      "integrity": "sha512-QgXo+mXTe8ljeqUFaX3QVHc5osSItJ/Km+xpocx0aSqWGMSCf6qYs/VnzZgS864Pjn5iceMRFigeAV7AfTlaig==",
      "license": "MIT",
      "dependencies": {
        "tslib": "^2.7.0"
      },
      "engines": {
        "node": ">= 12"
      }
    },
    "node_modules/focus-trap": {
      "version": "7.6.2",
      "resolved": "https://registry.npmjs.org/focus-trap/-/focus-trap-7.6.2.tgz",
      "integrity": "sha512-9FhUxK1hVju2+AiQIDJ5Dd//9R2n2RAfJ0qfhF4IHGHgcoEUTMpbTeG/zbEuwaiYXfuAH6XE0/aCyxDdRM+W5w==",
      "license": "MIT",
      "dependencies": {
        "tabbable": "^6.2.0"
      }
    },
    "node_modules/immer": {
      "version": "10.1.1",
      "resolved": "https://registry.npmjs.org/immer/-/immer-10.1.1.tgz",
      "integrity": "sha512-s2MPrmjovJcoMaHtx6K11Ra7oD05NT97w1IC5zpMkT6Atjr7H8LjaDd81iIxUYpMKSRRNMJE703M1Fhr/TctHw==",
      "license": "MIT",
      "funding": {
        "type": "opencollective",
        "url": "https://opencollective.com/immer"
      }
    },
    "node_modules/js-tokens": {
      "version": "4.0.0",
      "resolved": "https://registry.npmjs.org/js-tokens/-/js-tokens-4.0.0.tgz",
      "integrity": "sha512-RdJUflcE3cUzKiMqQgsCu06FPu9UdIJO0beYbPhHN4k6apgJtifcoCtT9bcxOpYBtpD2kCM6Sbzg4CausW/PKQ==",
      "license": "MIT"
    },
    "node_modules/lodash": {
      "version": "4.17.21",
      "resolved": "https://registry.npmjs.org/lodash/-/lodash-4.17.21.tgz",
      "integrity": "sha512-v2kDEe57lecTulaDIuNTPy3Ry4gLGJ6Z1O3vE1krgXZNrsQ+LFTGHVxVjcXPs17LhbZVGedAJv8XZ1tvj5FvSg==",
      "license": "MIT"
    },
    "node_modules/loose-envify": {
      "version": "1.4.0",
      "resolved": "https://registry.npmjs.org/loose-envify/-/loose-envify-1.4.0.tgz",
      "integrity": "sha512-lyuxPGr/Wfhrlem2CL/UcnUc1zcqKAImBDzukY7Y5F/yQiNdko6+fRLevlw1HgMySw7f611UIY408EtxRSoK3Q==",
      "license": "MIT",
      "dependencies": {
        "js-tokens": "^3.0.0 || ^4.0.0"
      },
      "bin": {
        "loose-envify": "cli.js"
      }
    },
    "node_modules/object-assign": {
      "version": "4.1.1",
      "resolved": "https://registry.npmjs.org/object-assign/-/object-assign-4.1.1.tgz",
      "integrity": "sha512-rJgTQnkUnH1sFw8yT6VSU3zD3sWmu6sZhIseY8VX+GRu3P6F7Fu+JNDoXfklElbLJSnc3FUQHVe4cU5hj+BcUg==",
      "license": "MIT",
      "engines": {
        "node": ">=0.10.0"
      }
    },
    "node_modules/path-browserify": {
      "version": "1.0.1",
      "resolved": "https://registry.npmjs.org/path-browserify/-/path-browserify-1.0.1.tgz",
      "integrity": "sha512-b7uo2UCUOYZcnF/3ID0lulOJi/bafxa1xPe7ZPsammBSpjSWQkjNxlt635YGS2MiR9GjvuXCtz2emr3jbsz98g==",
      "license": "MIT"
    },
    "node_modules/prop-types": {
      "version": "15.8.1",
      "resolved": "https://registry.npmjs.org/prop-types/-/prop-types-15.8.1.tgz",
      "integrity": "sha512-oj87CgZICdulUohogVAR7AjlC0327U4el4L6eAvOqCeudMDVU0NThNaV+b9Df4dXgSP1gXMTnPdhfe/2qDH5cg==",
      "license": "MIT",
      "dependencies": {
        "loose-envify": "^1.4.0",
        "object-assign": "^4.1.1",
        "react-is": "^16.13.1"
      }
    },
    "node_modules/react": {
      "version": "18.3.1",
      "resolved": "https://registry.npmjs.org/react/-/react-18.3.1.tgz",
      "integrity": "sha512-wS+hAgJShR0KhEvPJArfuPVN1+Hz1t0Y6n5jLrGQbkb4urgPE/0Rve+1kMB1v/oWgHgm4WIcV+i7F2pTVj+2iQ==",
      "license": "MIT",
      "peer": true,
      "dependencies": {
        "loose-envify": "^1.1.0"
      },
      "engines": {
        "node": ">=0.10.0"
      }
    },
    "node_modules/react-dom": {
      "version": "18.3.1",
      "resolved": "https://registry.npmjs.org/react-dom/-/react-dom-18.3.1.tgz",
      "integrity": "sha512-5m4nQKp+rZRb09LNH59GM4BxTh9251/ylbKIbpe7TpGxfJ+9kv6BLkLBXIjjspbgbnIBNqlI23tRnTWT0snUIw==",
      "license": "MIT",
      "peer": true,
      "dependencies": {
        "loose-envify": "^1.1.0",
        "scheduler": "^0.23.2"
      },
      "peerDependencies": {
        "react": "^18.3.1"
      }
    },
    "node_modules/react-dropzone": {
      "version": "14.3.5",
      "resolved": "https://registry.npmjs.org/react-dropzone/-/react-dropzone-14.3.5.tgz",
      "integrity": "sha512-9nDUaEEpqZLOz5v5SUcFA0CjM4vq8YbqO0WRls+EYT7+DvxUdzDPKNCPLqGfj3YL9MsniCLCD4RFA6M95V6KMQ==",
      "license": "MIT",
      "dependencies": {
        "attr-accept": "^2.2.4",
        "file-selector": "^2.1.0",
        "prop-types": "^15.8.1"
      },
      "engines": {
        "node": ">= 10.13"
      },
      "peerDependencies": {
        "react": ">= 16.8 || 18.0.0"
      }
    },
    "node_modules/react-icons": {
      "version": "5.4.0",
      "resolved": "https://registry.npmjs.org/react-icons/-/react-icons-5.4.0.tgz",
      "integrity": "sha512-7eltJxgVt7X64oHh6wSWNwwbKTCtMfK35hcjvJS0yxEAhPM8oUKdS3+kqaW1vicIltw+kR2unHaa12S9pPALoQ==",
      "license": "MIT",
      "peerDependencies": {
        "react": "*"
      }
    },
    "node_modules/react-is": {
      "version": "16.13.1",
      "resolved": "https://registry.npmjs.org/react-is/-/react-is-16.13.1.tgz",
      "integrity": "sha512-24e6ynE2H+OKt4kqsOvNd8kBpV65zoxbA4BVsEOB3ARVWQki/DHzaUoC5KuON/BiccDaCCTZBuOcfZs70kR8bQ==",
      "license": "MIT"
    },
    "node_modules/redux": {
      "version": "5.0.1",
      "resolved": "https://registry.npmjs.org/redux/-/redux-5.0.1.tgz",
      "integrity": "sha512-M9/ELqF6fy8FwmkpnF0S3YKOqMyoWJ4+CS5Efg2ct3oY9daQvd/Pc71FpGZsVsbl3Cpb+IIcjBDUnnyBdQbq4w==",
      "license": "MIT"
    },
    "node_modules/redux-thunk": {
      "version": "3.1.0",
      "resolved": "https://registry.npmjs.org/redux-thunk/-/redux-thunk-3.1.0.tgz",
      "integrity": "sha512-NW2r5T6ksUKXCabzhL9z+h206HQw/NJkcLm1GPImRQ8IzfXwRGqjVhKJGauHirT0DAuyy6hjdnMZaRoAcy0Klw==",
      "license": "MIT",
      "peerDependencies": {
        "redux": "^5.0.0"
      }
    },
    "node_modules/reselect": {
      "version": "5.1.1",
      "resolved": "https://registry.npmjs.org/reselect/-/reselect-5.1.1.tgz",
      "integrity": "sha512-K/BG6eIky/SBpzfHZv/dd+9JBFiS4SWV7FIujVyJRux6e45+73RaUHXLmIR1f7WOMaQ0U1km6qwklRQxpJJY0w==",
      "license": "MIT"
    },
    "node_modules/scheduler": {
      "version": "0.23.2",
      "resolved": "https://registry.npmjs.org/scheduler/-/scheduler-0.23.2.tgz",
      "integrity": "sha512-UOShsPwz7NrMUqhR6t0hWjFduvOzbtv7toDH1/hIrfRNIDBnnBWd0CwJTGvTpngVlmwGCdP9/Zl/tVrDqcuYzQ==",
      "license": "MIT",
      "peer": true,
      "dependencies": {
        "loose-envify": "^1.1.0"
      }
    },
    "node_modules/tabbable": {
      "version": "6.2.0",
      "resolved": "https://registry.npmjs.org/tabbable/-/tabbable-6.2.0.tgz",
      "integrity": "sha512-Cat63mxsVJlzYvN51JmVXIgNoUokrIaT2zLclCXjRd8boZ0004U4KCs/sToJ75C6sdlByWxpYnb5Boif1VSFew==",
      "license": "MIT"
    },
    "node_modules/tslib": {
      "version": "2.8.1",
      "resolved": "https://registry.npmjs.org/tslib/-/tslib-2.8.1.tgz",
      "integrity": "sha512-oJFu94HQb+KVduSUQL7wnpmqnfmLsOA/nAh6b6EH0wCEoK0/mPeXU6c3wKDV83MkOuHPRHtSXKKU99IBazS/2w==",
      "license": "0BSD"
    }
  }
}
